schema: '2.0'
stages:
  data_ingestion:
    cmd: python src/cnnClassifier/pipeline/stage_01_data_ingestion.py
    deps:
    - path: config/config.yaml
      hash: md5
      md5: 26b4558a7146282b5c00889be9722c51
      size: 1506
    - path: src/cnnClassifier/pipeline/stage_01_data_ingestion.py
      hash: md5
      md5: 5483dedd66dab5305c1cfdf1667b5eb8
      size: 916
    outs:
    - path: artifacts/data_ingestion/Chicken-fecal-images
      hash: md5
      md5: 9e1f8dd2eae3c29e9d635df89d438ae4.dir
      size: 12207807
      nfiles: 390
  prepare_base_model:
    cmd: python src/cnnClassifier/pipeline/stage_02_prepare_base_model.py
    deps:
    - path: config/config.yaml
      hash: md5
      md5: 26b4558a7146282b5c00889be9722c51
      size: 1506
    - path: src/cnnClassifier/pipeline/stage_02_prepare_base_model.py
      hash: md5
      md5: 6bf6744bb99a32628a95bb00f36adf96
      size: 999
    params:
      params.yaml:
        CLASSES: 2
        IMAGE_SIZE:
        - 224
        - 224
        - 3
        INCLUDE_TOP: false
        LEARNING_RATE: 0.01
        WEIGHTS: imagenet
    outs:
    - path: artifacts/prepare_base_model
      hash: md5
      md5: 04fd8f4b530f8d6ea26cb851dfb903aa.dir
      size: 118056533
      nfiles: 2
  training:
    cmd: python src/cnnClassifier/pipeline/stage_03_training.py
    deps:
    - path: artifacts/data_ingestion/Chicken-fecal-images
      hash: md5
      md5: 9e1f8dd2eae3c29e9d635df89d438ae4.dir
      size: 12207807
      nfiles: 390
    - path: artifacts/prepare_base_model
      hash: md5
      md5: 04fd8f4b530f8d6ea26cb851dfb903aa.dir
      size: 118056533
      nfiles: 2
    - path: config/config.yaml
      hash: md5
      md5: 26b4558a7146282b5c00889be9722c51
      size: 1506
    - path: src/cnnClassifier/components/prepare_callbacks.py
      hash: md5
      md5: 716620b640c4b8eeb3fcad6170eed755
      size: 1082
    - path: src/cnnClassifier/pipeline/stage_03_training.py
      hash: md5
      md5: 36c7cee03ae1ece080ec078af1c564c1
      size: 1336
    params:
      params.yaml:
        AUGMENTATION: true
        BATCH_SIZE: 16
        EPOCHS: 2
        IMAGE_SIZE:
        - 224
        - 224
        - 3
    outs:
    - path: artifacts/training/model.keras
      hash: md5
      md5: 28a6366295d28916c84295af822a1ca4
      size: 59133303
  evaluation:
    cmd: python src/cnnClassifier/pipeline/stage_04_evaluation.py
    deps:
    - path: artifacts/data_ingestion/Chicken-fecal-images
      hash: md5
      md5: 9e1f8dd2eae3c29e9d635df89d438ae4.dir
      size: 12207807
      nfiles: 390
    - path: artifacts/training/model.keras
      hash: md5
      md5: 28a6366295d28916c84295af822a1ca4
      size: 59133303
    - path: config/config.yaml
      hash: md5
      md5: 26b4558a7146282b5c00889be9722c51
      size: 1506
    - path: src/cnnClassifier/pipeline/stage_04_evaluation.py
      hash: md5
      md5: 18d8a46a52eb6a0e625b1890cfa263c5
      size: 883
    params:
      params.yaml:
        BATCH_SIZE: 16
        IMAGE_SIZE:
        - 224
        - 224
        - 3
    outs:
    - path: scores.json
      hash: md5
      md5: 14bddb780c4b4f8124945ac815c5526d
      size: 58
